// !$*UTF8*$!
{
	archiveVersion = 1;
	classes = {
	};
	objectVersion = 60;
	objects = {

/* Begin PBXBuildFile section */
		671023022C917F970098223D /* FormExampleApp.swift in Sources */ = {isa = PBXBuildFile; fileRef = 671023012C917F970098223D /* FormExampleApp.swift */; };
		671023042C917F970098223D /* ContentView.swift in Sources */ = {isa = PBXBuildFile; fileRef = 671023032C917F970098223D /* ContentView.swift */; };
		671023062C917F990098223D /* Assets.xcassets in Resources */ = {isa = PBXBuildFile; fileRef = 671023052C917F990098223D /* Assets.xcassets */; };
		671023092C917F990098223D /* Preview Assets.xcassets in Resources */ = {isa = PBXBuildFile; fileRef = 671023082C917F990098223D /* Preview Assets.xcassets */; };
		6714D15D2C9C725600DD54E6 /* NoValidatableFieldFormTests.swift in Sources */ = {isa = PBXBuildFile; fileRef = 6714D15C2C9C725600DD54E6 /* NoValidatableFieldFormTests.swift */; };
		6714D15F2C9C75B500DD54E6 /* UserProfileFormTests.swift in Sources */ = {isa = PBXBuildFile; fileRef = 6714D15E2C9C75B500DD54E6 /* UserProfileFormTests.swift */; };
		6714D1612C9C76E200DD54E6 /* ImageSubmissionFormTests.swift in Sources */ = {isa = PBXBuildFile; fileRef = 6714D1602C9C76E200DD54E6 /* ImageSubmissionFormTests.swift */; };
		6716DF0C2C91E29800FE3E95 /* UserProfileFormView.swift in Sources */ = {isa = PBXBuildFile; fileRef = 6716DF0B2C91E29800FE3E95 /* UserProfileFormView.swift */; };
		6716DF0E2C91E2D300FE3E95 /* UserProfileForm.swift in Sources */ = {isa = PBXBuildFile; fileRef = 6716DF0D2C91E2D300FE3E95 /* UserProfileForm.swift */; };
		6716DF112C91E44700FE3E95 /* ComposableArchitecture in Frameworks */ = {isa = PBXBuildFile; productRef = 6716DF102C91E44700FE3E95 /* ComposableArchitecture */; };
		6716DF132C91E6D500FE3E95 /* ValidatableFieldView.swift in Sources */ = {isa = PBXBuildFile; fileRef = 6716DF122C91E6D500FE3E95 /* ValidatableFieldView.swift */; };
		6793A03F2C92DABE009A7EE3 /* NoValidatableFieldFormView.swift in Sources */ = {isa = PBXBuildFile; fileRef = 6793A03E2C92DABE009A7EE3 /* NoValidatableFieldFormView.swift */; };
		6793A0412C92DAE5009A7EE3 /* NoValidatableFieldForm.swift in Sources */ = {isa = PBXBuildFile; fileRef = 6793A0402C92DAE5009A7EE3 /* NoValidatableFieldForm.swift */; };
		6793A0432C92DD69009A7EE3 /* View+ErrorMessage.swift in Sources */ = {isa = PBXBuildFile; fileRef = 6793A0422C92DD69009A7EE3 /* View+ErrorMessage.swift */; };
		6793A0492C9479BE009A7EE3 /* ImageSubmissionFormView.swift in Sources */ = {isa = PBXBuildFile; fileRef = 6793A0482C9479BE009A7EE3 /* ImageSubmissionFormView.swift */; };
		6793A04B2C947D7B009A7EE3 /* ImageSubmissionForm.swift in Sources */ = {isa = PBXBuildFile; fileRef = 6793A04A2C947D7B009A7EE3 /* ImageSubmissionForm.swift */; };
		6793A04D2C948728009A7EE3 /* AlertState+FormValidated.swift in Sources */ = {isa = PBXBuildFile; fileRef = 6793A04C2C948728009A7EE3 /* AlertState+FormValidated.swift */; };
		67F628C52C9D702B005BD486 /* FormValidation in Frameworks */ = {isa = PBXBuildFile; productRef = 67F628C42C9D702B005BD486 /* FormValidation */; };
/* End PBXBuildFile section */

/* Begin PBXContainerItemProxy section */
		6710230F2C917F990098223D /* PBXContainerItemProxy */ = {
			isa = PBXContainerItemProxy;
			containerPortal = 671022F62C917F960098223D /* Project object */;
			proxyType = 1;
			remoteGlobalIDString = 671022FD2C917F970098223D;
			remoteInfo = FormExample;
		};
/* End PBXContainerItemProxy section */

/* Begin PBXFileReference section */
		671022FE2C917F970098223D /* FormExample.app */ = {isa = PBXFileReference; explicitFileType = wrapper.application; includeInIndex = 0; path = FormExample.app; sourceTree = BUILT_PRODUCTS_DIR; };
		671023012C917F970098223D /* FormExampleApp.swift */ = {isa = PBXFileReference; lastKnownFileType = sourcecode.swift; path = FormExampleApp.swift; sourceTree = "<group>"; };
		671023032C917F970098223D /* ContentView.swift */ = {isa = PBXFileReference; lastKnownFileType = sourcecode.swift; path = ContentView.swift; sourceTree = "<group>"; };
		671023052C917F990098223D /* Assets.xcassets */ = {isa = PBXFileReference; lastKnownFileType = folder.assetcatalog; path = Assets.xcassets; sourceTree = "<group>"; };
		671023082C917F990098223D /* Preview Assets.xcassets */ = {isa = PBXFileReference; lastKnownFileType = folder.assetcatalog; path = "Preview Assets.xcassets"; sourceTree = "<group>"; };
		6710230E2C917F990098223D /* FormExampleTests.xctest */ = {isa = PBXFileReference; explicitFileType = wrapper.cfbundle; includeInIndex = 0; path = FormExampleTests.xctest; sourceTree = BUILT_PRODUCTS_DIR; };
		6714D15C2C9C725600DD54E6 /* NoValidatableFieldFormTests.swift */ = {isa = PBXFileReference; lastKnownFileType = sourcecode.swift; path = NoValidatableFieldFormTests.swift; sourceTree = "<group>"; };
		6714D15E2C9C75B500DD54E6 /* UserProfileFormTests.swift */ = {isa = PBXFileReference; lastKnownFileType = sourcecode.swift; path = UserProfileFormTests.swift; sourceTree = "<group>"; };
		6714D1602C9C76E200DD54E6 /* ImageSubmissionFormTests.swift */ = {isa = PBXFileReference; lastKnownFileType = sourcecode.swift; path = ImageSubmissionFormTests.swift; sourceTree = "<group>"; };
		6716DF0B2C91E29800FE3E95 /* UserProfileFormView.swift */ = {isa = PBXFileReference; lastKnownFileType = sourcecode.swift; path = UserProfileFormView.swift; sourceTree = "<group>"; };
		6716DF0D2C91E2D300FE3E95 /* UserProfileForm.swift */ = {isa = PBXFileReference; lastKnownFileType = sourcecode.swift; path = UserProfileForm.swift; sourceTree = "<group>"; };
		6716DF122C91E6D500FE3E95 /* ValidatableFieldView.swift */ = {isa = PBXFileReference; lastKnownFileType = sourcecode.swift; path = ValidatableFieldView.swift; sourceTree = "<group>"; };
		6793A03E2C92DABE009A7EE3 /* NoValidatableFieldFormView.swift */ = {isa = PBXFileReference; lastKnownFileType = sourcecode.swift; path = NoValidatableFieldFormView.swift; sourceTree = "<group>"; };
		6793A0402C92DAE5009A7EE3 /* NoValidatableFieldForm.swift */ = {isa = PBXFileReference; lastKnownFileType = sourcecode.swift; path = NoValidatableFieldForm.swift; sourceTree = "<group>"; };
		6793A0422C92DD69009A7EE3 /* View+ErrorMessage.swift */ = {isa = PBXFileReference; lastKnownFileType = sourcecode.swift; path = "View+ErrorMessage.swift"; sourceTree = "<group>"; };
		6793A0482C9479BE009A7EE3 /* ImageSubmissionFormView.swift */ = {isa = PBXFileReference; lastKnownFileType = sourcecode.swift; path = ImageSubmissionFormView.swift; sourceTree = "<group>"; };
		6793A04A2C947D7B009A7EE3 /* ImageSubmissionForm.swift */ = {isa = PBXFileReference; lastKnownFileType = sourcecode.swift; path = ImageSubmissionForm.swift; sourceTree = "<group>"; };
		6793A04C2C948728009A7EE3 /* AlertState+FormValidated.swift */ = {isa = PBXFileReference; lastKnownFileType = sourcecode.swift; path = "AlertState+FormValidated.swift"; sourceTree = "<group>"; };
/* End PBXFileReference section */

/* Begin PBXFrameworksBuildPhase section */
		671022FB2C917F970098223D /* Frameworks */ = {
			isa = PBXFrameworksBuildPhase;
			buildActionMask = 2147483647;
			files = (
				67F628C52C9D702B005BD486 /* FormValidation in Frameworks */,
				6716DF112C91E44700FE3E95 /* ComposableArchitecture in Frameworks */,
			);
			runOnlyForDeploymentPostprocessing = 0;
		};
		6710230B2C917F990098223D /* Frameworks */ = {
			isa = PBXFrameworksBuildPhase;
			buildActionMask = 2147483647;
			files = (
			);
			runOnlyForDeploymentPostprocessing = 0;
		};
/* End PBXFrameworksBuildPhase section */

/* Begin PBXGroup section */
		671022F52C917F960098223D = {
			isa = PBXGroup;
			children = (
				671023002C917F970098223D /* FormExample */,
				671023112C917F990098223D /* FormExampleTests */,
				671022FF2C917F970098223D /* Products */,
			);
			sourceTree = "<group>";
		};
		671022FF2C917F970098223D /* Products */ = {
			isa = PBXGroup;
			children = (
				671022FE2C917F970098223D /* FormExample.app */,
				6710230E2C917F990098223D /* FormExampleTests.xctest */,
			);
			name = Products;
			sourceTree = "<group>";
		};
		671023002C917F970098223D /* FormExample */ = {
			isa = PBXGroup;
			children = (
				6793A0442C92DE72009A7EE3 /* ViewHelpers */,
				6716DF092C91E26600FE3E95 /* ShowCases */,
				671023012C917F970098223D /* FormExampleApp.swift */,
				671023032C917F970098223D /* ContentView.swift */,
				671023052C917F990098223D /* Assets.xcassets */,
				671023072C917F990098223D /* Preview Content */,
			);
			path = FormExample;
			sourceTree = "<group>";
		};
		671023072C917F990098223D /* Preview Content */ = {
			isa = PBXGroup;
			children = (
				671023082C917F990098223D /* Preview Assets.xcassets */,
			);
			path = "Preview Content";
			sourceTree = "<group>";
		};
		671023112C917F990098223D /* FormExampleTests */ = {
			isa = PBXGroup;
			children = (
				6714D15C2C9C725600DD54E6 /* NoValidatableFieldFormTests.swift */,
				6714D15E2C9C75B500DD54E6 /* UserProfileFormTests.swift */,
				6714D1602C9C76E200DD54E6 /* ImageSubmissionFormTests.swift */,
			);
			path = FormExampleTests;
			sourceTree = "<group>";
		};
		6716DF092C91E26600FE3E95 /* ShowCases */ = {
			isa = PBXGroup;
			children = (
				6793A03D2C92DA80009A7EE3 /* NoValidatableField */,
				6716DF0A2C91E27000FE3E95 /* UserProfile */,
				6793A0472C947987009A7EE3 /* ImageSubmission */,
			);
			path = ShowCases;
			sourceTree = "<group>";
		};
		6716DF0A2C91E27000FE3E95 /* UserProfile */ = {
			isa = PBXGroup;
			children = (
				6716DF0D2C91E2D300FE3E95 /* UserProfileForm.swift */,
				6716DF0B2C91E29800FE3E95 /* UserProfileFormView.swift */,
			);
			path = UserProfile;
			sourceTree = "<group>";
		};
		6793A03D2C92DA80009A7EE3 /* NoValidatableField */ = {
			isa = PBXGroup;
			children = (
				6793A0402C92DAE5009A7EE3 /* NoValidatableFieldForm.swift */,
				6793A03E2C92DABE009A7EE3 /* NoValidatableFieldFormView.swift */,
			);
			path = NoValidatableField;
			sourceTree = "<group>";
		};
		6793A0442C92DE72009A7EE3 /* ViewHelpers */ = {
			isa = PBXGroup;
			children = (
				6716DF122C91E6D500FE3E95 /* ValidatableFieldView.swift */,
				6793A0422C92DD69009A7EE3 /* View+ErrorMessage.swift */,
				6793A04C2C948728009A7EE3 /* AlertState+FormValidated.swift */,
			);
			path = ViewHelpers;
			sourceTree = "<group>";
		};
		6793A0472C947987009A7EE3 /* ImageSubmission */ = {
			isa = PBXGroup;
			children = (
				6793A04A2C947D7B009A7EE3 /* ImageSubmissionForm.swift */,
				6793A0482C9479BE009A7EE3 /* ImageSubmissionFormView.swift */,
			);
			path = ImageSubmission;
			sourceTree = "<group>";
		};
/* End PBXGroup section */

/* Begin PBXNativeTarget section */
		671022FD2C917F970098223D /* FormExample */ = {
			isa = PBXNativeTarget;
			buildConfigurationList = 671023222C917F990098223D /* Build configuration list for PBXNativeTarget "FormExample" */;
			buildPhases = (
				671022FA2C917F970098223D /* Sources */,
				671022FB2C917F970098223D /* Frameworks */,
				671022FC2C917F970098223D /* Resources */,
			);
			buildRules = (
			);
			dependencies = (
			);
			name = FormExample;
			packageProductDependencies = (
				6716DF102C91E44700FE3E95 /* ComposableArchitecture */,
				67F628C42C9D702B005BD486 /* FormValidation */,
			);
			productName = FormExample;
			productReference = 671022FE2C917F970098223D /* FormExample.app */;
			productType = "com.apple.product-type.application";
		};
		6710230D2C917F990098223D /* FormExampleTests */ = {
			isa = PBXNativeTarget;
			buildConfigurationList = 671023252C917F990098223D /* Build configuration list for PBXNativeTarget "FormExampleTests" */;
			buildPhases = (
				6710230A2C917F990098223D /* Sources */,
				6710230B2C917F990098223D /* Frameworks */,
				6710230C2C917F990098223D /* Resources */,
			);
			buildRules = (
			);
			dependencies = (
				671023102C917F990098223D /* PBXTargetDependency */,
			);
			name = FormExampleTests;
			productName = FormExampleTests;
			productReference = 6710230E2C917F990098223D /* FormExampleTests.xctest */;
			productType = "com.apple.product-type.bundle.unit-test";
		};
/* End PBXNativeTarget section */

/* Begin PBXProject section */
		671022F62C917F960098223D /* Project object */ = {
			isa = PBXProject;
			attributes = {
				BuildIndependentTargetsInParallel = 1;
				LastSwiftUpdateCheck = 1540;
				LastUpgradeCheck = 1540;
				TargetAttributes = {
					671022FD2C917F970098223D = {
						CreatedOnToolsVersion = 15.4;
					};
					6710230D2C917F990098223D = {
						CreatedOnToolsVersion = 15.4;
						TestTargetID = 671022FD2C917F970098223D;
					};
				};
			};
			buildConfigurationList = 671022F92C917F960098223D /* Build configuration list for PBXProject "FormExample" */;
			compatibilityVersion = "Xcode 14.0";
			developmentRegion = en;
			hasScannedForEncodings = 0;
			knownRegions = (
				en,
				Base,
			);
			mainGroup = 671022F52C917F960098223D;
			packageReferences = (
				6716DF0F2C91E44700FE3E95 /* XCRemoteSwiftPackageReference "swift-composable-architecture" */,
				67F628C32C9D702B005BD486 /* XCLocalSwiftPackageReference "Packages/FormValidation" */,
			);
			productRefGroup = 671022FF2C917F970098223D /* Products */;
			projectDirPath = "";
			projectRoot = "";
			targets = (
				671022FD2C917F970098223D /* FormExample */,
				6710230D2C917F990098223D /* FormExampleTests */,
			);
		};
/* End PBXProject section */

/* Begin PBXResourcesBuildPhase section */
		671022FC2C917F970098223D /* Resources */ = {
			isa = PBXResourcesBuildPhase;
			buildActionMask = 2147483647;
			files = (
				671023092C917F990098223D /* Preview Assets.xcassets in Resources */,
				671023062C917F990098223D /* Assets.xcassets in Resources */,
			);
			runOnlyForDeploymentPostprocessing = 0;
		};
		6710230C2C917F990098223D /* Resources */ = {
			isa = PBXResourcesBuildPhase;
			buildActionMask = 2147483647;
			files = (
			);
			runOnlyForDeploymentPostprocessing = 0;
		};
/* End PBXResourcesBuildPhase section */

/* Begin PBXSourcesBuildPhase section */
		671022FA2C917F970098223D /* Sources */ = {
			isa = PBXSourcesBuildPhase;
			buildActionMask = 2147483647;
			files = (
				6793A0492C9479BE009A7EE3 /* ImageSubmissionFormView.swift in Sources */,
				6716DF0E2C91E2D300FE3E95 /* UserProfileForm.swift in Sources */,
				671023042C917F970098223D /* ContentView.swift in Sources */,
				6793A03F2C92DABE009A7EE3 /* NoValidatableFieldFormView.swift in Sources */,
				6716DF132C91E6D500FE3E95 /* ValidatableFieldView.swift in Sources */,
				6793A04B2C947D7B009A7EE3 /* ImageSubmissionForm.swift in Sources */,
				6793A0412C92DAE5009A7EE3 /* NoValidatableFieldForm.swift in Sources */,
				6793A04D2C948728009A7EE3 /* AlertState+FormValidated.swift in Sources */,
				6716DF0C2C91E29800FE3E95 /* UserProfileFormView.swift in Sources */,
				671023022C917F970098223D /* FormExampleApp.swift in Sources */,
				6793A0432C92DD69009A7EE3 /* View+ErrorMessage.swift in Sources */,
			);
			runOnlyForDeploymentPostprocessing = 0;
		};
		6710230A2C917F990098223D /* Sources */ = {
			isa = PBXSourcesBuildPhase;
			buildActionMask = 2147483647;
			files = (
				6714D15F2C9C75B500DD54E6 /* UserProfileFormTests.swift in Sources */,
				6714D15D2C9C725600DD54E6 /* NoValidatableFieldFormTests.swift in Sources */,
				6714D1612C9C76E200DD54E6 /* ImageSubmissionFormTests.swift in Sources */,
			);
			runOnlyForDeploymentPostprocessing = 0;
		};
/* End PBXSourcesBuildPhase section */

/* Begin PBXTargetDependency section */
		671023102C917F990098223D /* PBXTargetDependency */ = {
			isa = PBXTargetDependency;
			target = 671022FD2C917F970098223D /* FormExample */;
			targetProxy = 6710230F2C917F990098223D /* PBXContainerItemProxy */;
		};
/* End PBXTargetDependency section */

/* Begin XCBuildConfiguration section */
		671023202C917F990098223D /* Debug */ = {
			isa = XCBuildConfiguration;
			buildSettings = {
				ALWAYS_SEARCH_USER_PATHS = NO;
				ASSETCATALOG_COMPILER_GENERATE_SWIFT_ASSET_SYMBOL_EXTENSIONS = YES;
				CLANG_ANALYZER_NONNULL = YES;
				CLANG_ANALYZER_NUMBER_OBJECT_CONVERSION = YES_AGGRESSIVE;
				CLANG_CXX_LANGUAGE_STANDARD = "gnu++20";
				CLANG_ENABLE_MODULES = YES;
				CLANG_ENABLE_OBJC_ARC = YES;
				CLANG_ENABLE_OBJC_WEAK = YES;
				CLANG_WARN_BLOCK_CAPTURE_AUTORELEASING = YES;
				CLANG_WARN_BOOL_CONVERSION = YES;
				CLANG_WARN_COMMA = YES;
				CLANG_WARN_CONSTANT_CONVERSION = YES;
				CLANG_WARN_DEPRECATED_OBJC_IMPLEMENTATIONS = YES;
				CLANG_WARN_DIRECT_OBJC_ISA_USAGE = YES_ERROR;
				CLANG_WARN_DOCUMENTATION_COMMENTS = YES;
				CLANG_WARN_EMPTY_BODY = YES;
				CLANG_WARN_ENUM_CONVERSION = YES;
				CLANG_WARN_INFINITE_RECURSION = YES;
				CLANG_WARN_INT_CONVERSION = YES;
				CLANG_WARN_NON_LITERAL_NULL_CONVERSION = YES;
				CLANG_WARN_OBJC_IMPLICIT_RETAIN_SELF = YES;
				CLANG_WARN_OBJC_LITERAL_CONVERSION = YES;
				CLANG_WARN_OBJC_ROOT_CLASS = YES_ERROR;
				CLANG_WARN_QUOTED_INCLUDE_IN_FRAMEWORK_HEADER = YES;
				CLANG_WARN_RANGE_LOOP_ANALYSIS = YES;
				CLANG_WARN_STRICT_PROTOTYPES = YES;
				CLANG_WARN_SUSPICIOUS_MOVE = YES;
				CLANG_WARN_UNGUARDED_AVAILABILITY = YES_AGGRESSIVE;
				CLANG_WARN_UNREACHABLE_CODE = YES;
				CLANG_WARN__DUPLICATE_METHOD_MATCH = YES;
				COPY_PHASE_STRIP = NO;
				DEBUG_INFORMATION_FORMAT = dwarf;
				ENABLE_STRICT_OBJC_MSGSEND = YES;
				ENABLE_TESTABILITY = YES;
				ENABLE_USER_SCRIPT_SANDBOXING = YES;
				GCC_C_LANGUAGE_STANDARD = gnu17;
				GCC_DYNAMIC_NO_PIC = NO;
				GCC_NO_COMMON_BLOCKS = YES;
				GCC_OPTIMIZATION_LEVEL = 0;
				GCC_PREPROCESSOR_DEFINITIONS = (
					"DEBUG=1",
					"$(inherited)",
				);
				GCC_WARN_64_TO_32_BIT_CONVERSION = YES;
				GCC_WARN_ABOUT_RETURN_TYPE = YES_ERROR;
				GCC_WARN_UNDECLARED_SELECTOR = YES;
				GCC_WARN_UNINITIALIZED_AUTOS = YES_AGGRESSIVE;
				GCC_WARN_UNUSED_FUNCTION = YES;
				GCC_WARN_UNUSED_VARIABLE = YES;
				IPHONEOS_DEPLOYMENT_TARGET = 16.0;
				LOCALIZATION_PREFERS_STRING_CATALOGS = YES;
				MTL_ENABLE_DEBUG_INFO = INCLUDE_SOURCE;
				MTL_FAST_MATH = YES;
				ONLY_ACTIVE_ARCH = YES;
				SDKROOT = iphoneos;
				SWIFT_ACTIVE_COMPILATION_CONDITIONS = "DEBUG $(inherited)";
				SWIFT_OPTIMIZATION_LEVEL = "-Onone";
			};
			name = Debug;
		};
		671023212C917F990098223D /* Release */ = {
			isa = XCBuildConfiguration;
			buildSettings = {
				ALWAYS_SEARCH_USER_PATHS = NO;
				ASSETCATALOG_COMPILER_GENERATE_SWIFT_ASSET_SYMBOL_EXTENSIONS = YES;
				CLANG_ANALYZER_NONNULL = YES;
				CLANG_ANALYZER_NUMBER_OBJECT_CONVERSION = YES_AGGRESSIVE;
				CLANG_CXX_LANGUAGE_STANDARD = "gnu++20";
				CLANG_ENABLE_MODULES = YES;
				CLANG_ENABLE_OBJC_ARC = YES;
				CLANG_ENABLE_OBJC_WEAK = YES;
				CLANG_WARN_BLOCK_CAPTURE_AUTORELEASING = YES;
				CLANG_WARN_BOOL_CONVERSION = YES;
				CLANG_WARN_COMMA = YES;
				CLANG_WARN_CONSTANT_CONVERSION = YES;
				CLANG_WARN_DEPRECATED_OBJC_IMPLEMENTATIONS = YES;
				CLANG_WARN_DIRECT_OBJC_ISA_USAGE = YES_ERROR;
				CLANG_WARN_DOCUMENTATION_COMMENTS = YES;
				CLANG_WARN_EMPTY_BODY = YES;
				CLANG_WARN_ENUM_CONVERSION = YES;
				CLANG_WARN_INFINITE_RECURSION = YES;
				CLANG_WARN_INT_CONVERSION = YES;
				CLANG_WARN_NON_LITERAL_NULL_CONVERSION = YES;
				CLANG_WARN_OBJC_IMPLICIT_RETAIN_SELF = YES;
				CLANG_WARN_OBJC_LITERAL_CONVERSION = YES;
				CLANG_WARN_OBJC_ROOT_CLASS = YES_ERROR;
				CLANG_WARN_QUOTED_INCLUDE_IN_FRAMEWORK_HEADER = YES;
				CLANG_WARN_RANGE_LOOP_ANALYSIS = YES;
				CLANG_WARN_STRICT_PROTOTYPES = YES;
				CLANG_WARN_SUSPICIOUS_MOVE = YES;
				CLANG_WARN_UNGUARDED_AVAILABILITY = YES_AGGRESSIVE;
				CLANG_WARN_UNREACHABLE_CODE = YES;
				CLANG_WARN__DUPLICATE_METHOD_MATCH = YES;
				COPY_PHASE_STRIP = NO;
				DEBUG_INFORMATION_FORMAT = "dwarf-with-dsym";
				ENABLE_NS_ASSERTIONS = NO;
				ENABLE_STRICT_OBJC_MSGSEND = YES;
				ENABLE_USER_SCRIPT_SANDBOXING = YES;
				GCC_C_LANGUAGE_STANDARD = gnu17;
				GCC_NO_COMMON_BLOCKS = YES;
				GCC_WARN_64_TO_32_BIT_CONVERSION = YES;
				GCC_WARN_ABOUT_RETURN_TYPE = YES_ERROR;
				GCC_WARN_UNDECLARED_SELECTOR = YES;
				GCC_WARN_UNINITIALIZED_AUTOS = YES_AGGRESSIVE;
				GCC_WARN_UNUSED_FUNCTION = YES;
				GCC_WARN_UNUSED_VARIABLE = YES;
				IPHONEOS_DEPLOYMENT_TARGET = 16.0;
				LOCALIZATION_PREFERS_STRING_CATALOGS = YES;
				MTL_ENABLE_DEBUG_INFO = NO;
				MTL_FAST_MATH = YES;
				SDKROOT = iphoneos;
				SWIFT_COMPILATION_MODE = wholemodule;
				VALIDATE_PRODUCT = YES;
			};
			name = Release;
		};
		671023232C917F990098223D /* Debug */ = {
			isa = XCBuildConfiguration;
			buildSettings = {
				ASSETCATALOG_COMPILER_APPICON_NAME = AppIcon;
				ASSETCATALOG_COMPILER_GLOBAL_ACCENT_COLOR_NAME = AccentColor;
				CODE_SIGN_STYLE = Automatic;
				CURRENT_PROJECT_VERSION = 1;
				DEVELOPMENT_ASSET_PATHS = "\"FormExample/Preview Content\"";
				ENABLE_PREVIEWS = YES;
				GENERATE_INFOPLIST_FILE = YES;
				INFOPLIST_KEY_UIApplicationSceneManifest_Generation = YES;
				INFOPLIST_KEY_UIApplicationSupportsIndirectInputEvents = YES;
				INFOPLIST_KEY_UILaunchScreen_Generation = YES;
				INFOPLIST_KEY_UISupportedInterfaceOrientations_iPad = "UIInterfaceOrientationPortrait UIInterfaceOrientationPortraitUpsideDown UIInterfaceOrientationLandscapeLeft UIInterfaceOrientationLandscapeRight";
				INFOPLIST_KEY_UISupportedInterfaceOrientations_iPhone = "UIInterfaceOrientationPortrait UIInterfaceOrientationLandscapeLeft UIInterfaceOrientationLandscapeRight";
				IPHONEOS_DEPLOYMENT_TARGET = 16.0;
				LD_RUNPATH_SEARCH_PATHS = (
					"$(inherited)",
					"@executable_path/Frameworks",
				);
				MARKETING_VERSION = 1.0;
				PRODUCT_BUNDLE_IDENTIFIER = com.aviv.FormExample;
				PRODUCT_NAME = "$(TARGET_NAME)";
				SWIFT_EMIT_LOC_STRINGS = YES;
				SWIFT_VERSION = 5.0;
				TARGETED_DEVICE_FAMILY = "1,2";
			};
			name = Debug;
		};
		671023242C917F990098223D /* Release */ = {
			isa = XCBuildConfiguration;
			buildSettings = {
				ASSETCATALOG_COMPILER_APPICON_NAME = AppIcon;
				ASSETCATALOG_COMPILER_GLOBAL_ACCENT_COLOR_NAME = AccentColor;
				CODE_SIGN_STYLE = Automatic;
				CURRENT_PROJECT_VERSION = 1;
				DEVELOPMENT_ASSET_PATHS = "\"FormExample/Preview Content\"";
				ENABLE_PREVIEWS = YES;
				GENERATE_INFOPLIST_FILE = YES;
				INFOPLIST_KEY_UIApplicationSceneManifest_Generation = YES;
				INFOPLIST_KEY_UIApplicationSupportsIndirectInputEvents = YES;
				INFOPLIST_KEY_UILaunchScreen_Generation = YES;
				INFOPLIST_KEY_UISupportedInterfaceOrientations_iPad = "UIInterfaceOrientationPortrait UIInterfaceOrientationPortraitUpsideDown UIInterfaceOrientationLandscapeLeft UIInterfaceOrientationLandscapeRight";
				INFOPLIST_KEY_UISupportedInterfaceOrientations_iPhone = "UIInterfaceOrientationPortrait UIInterfaceOrientationLandscapeLeft UIInterfaceOrientationLandscapeRight";
				IPHONEOS_DEPLOYMENT_TARGET = 16.0;
				LD_RUNPATH_SEARCH_PATHS = (
					"$(inherited)",
					"@executable_path/Frameworks",
				);
				MARKETING_VERSION = 1.0;
				PRODUCT_BUNDLE_IDENTIFIER = com.aviv.FormExample;
				PRODUCT_NAME = "$(TARGET_NAME)";
				SWIFT_EMIT_LOC_STRINGS = YES;
				SWIFT_VERSION = 5.0;
				TARGETED_DEVICE_FAMILY = "1,2";
			};
			name = Release;
		};
		671023262C917F990098223D /* Debug */ = {
			isa = XCBuildConfiguration;
			buildSettings = {
				ALWAYS_EMBED_SWIFT_STANDARD_LIBRARIES = YES;
				BUNDLE_LOADER = "$(TEST_HOST)";
				CODE_SIGN_STYLE = Automatic;
				CURRENT_PROJECT_VERSION = 1;
				GENERATE_INFOPLIST_FILE = YES;
				IPHONEOS_DEPLOYMENT_TARGET = 17.5;
				MARKETING_VERSION = 1.0;
				PRODUCT_BUNDLE_IDENTIFIER = com.aviv.FormExampleTests;
				PRODUCT_NAME = "$(TARGET_NAME)";
				SWIFT_EMIT_LOC_STRINGS = NO;
				SWIFT_VERSION = 5.0;
				TARGETED_DEVICE_FAMILY = "1,2";
				TEST_HOST = "$(BUILT_PRODUCTS_DIR)/FormExample.app/$(BUNDLE_EXECUTABLE_FOLDER_PATH)/FormExample";
			};
			name = Debug;
		};
		671023272C917F990098223D /* Release */ = {
			isa = XCBuildConfiguration;
			buildSettings = {
				ALWAYS_EMBED_SWIFT_STANDARD_LIBRARIES = YES;
				BUNDLE_LOADER = "$(TEST_HOST)";
				CODE_SIGN_STYLE = Automatic;
				CURRENT_PROJECT_VERSION = 1;
				GENERATE_INFOPLIST_FILE = YES;
				IPHONEOS_DEPLOYMENT_TARGET = 17.5;
				MARKETING_VERSION = 1.0;
				PRODUCT_BUNDLE_IDENTIFIER = com.aviv.FormExampleTests;
				PRODUCT_NAME = "$(TARGET_NAME)";
				SWIFT_EMIT_LOC_STRINGS = NO;
				SWIFT_VERSION = 5.0;
				TARGETED_DEVICE_FAMILY = "1,2";
				TEST_HOST = "$(BUILT_PRODUCTS_DIR)/FormExample.app/$(BUNDLE_EXECUTABLE_FOLDER_PATH)/FormExample";
			};
			name = Release;
		};
/* End XCBuildConfiguration section */

/* Begin XCConfigurationList section */
		671022F92C917F960098223D /* Build configuration list for PBXProject "FormExample" */ = {
			isa = XCConfigurationList;
			buildConfigurations = (
				671023202C917F990098223D /* Debug */,
				671023212C917F990098223D /* Release */,
			);
			defaultConfigurationIsVisible = 0;
			defaultConfigurationName = Release;
		};
		671023222C917F990098223D /* Build configuration list for PBXNativeTarget "FormExample" */ = {
			isa = XCConfigurationList;
			buildConfigurations = (
				671023232C917F990098223D /* Debug */,
				671023242C917F990098223D /* Release */,
			);
			defaultConfigurationIsVisible = 0;
			defaultConfigurationName = Release;
		};
		671023252C917F990098223D /* Build configuration list for PBXNativeTarget "FormExampleTests" */ = {
			isa = XCConfigurationList;
			buildConfigurations = (
				671023262C917F990098223D /* Debug */,
				671023272C917F990098223D /* Release */,
			);
			defaultConfigurationIsVisible = 0;
			defaultConfigurationName = Release;
		};
/* End XCConfigurationList section */

/* Begin XCLocalSwiftPackageReference section */
		67F628C32C9D702B005BD486 /* XCLocalSwiftPackageReference "Packages/FormValidation" */ = {
			isa = XCLocalSwiftPackageReference;
			relativePath = Packages/FormValidation;
		};
/* End XCLocalSwiftPackageReference section */

/* Begin XCRemoteSwiftPackageReference section */
		6716DF0F2C91E44700FE3E95 /* XCRemoteSwiftPackageReference "swift-composable-architecture" */ = {
			isa = XCRemoteSwiftPackageReference;
			repositoryURL = "https://github.com/pointfreeco/swift-composable-architecture.git";
			requirement = {
				kind = upToNextMajorVersion;
				minimumVersion = 1.14.0;
			};
		};
/* End XCRemoteSwiftPackageReference section */

/* Begin XCSwiftPackageProductDependency section */
		6716DF102C91E44700FE3E95 /* ComposableArchitecture */ = {
			isa = XCSwiftPackageProductDependency;
			package = 6716DF0F2C91E44700FE3E95 /* XCRemoteSwiftPackageReference "swift-composable-architecture" */;
			productName = ComposableArchitecture;
		};
		67F628C42C9D702B005BD486 /* FormValidation */ = {
			isa = XCSwiftPackageProductDependency;
			productName = FormValidation;
		};
/* End XCSwiftPackageProductDependency section */
	};
	rootObject = 671022F62C917F960098223D /* Project object */;
}
